
Microsoft Visual Studio Solution File, Format Version 12.00
# Visual Studio Version 17
VisualStudioVersion = 17.11.35222.181
MinimumVisualStudioVersion = 10.0.40219.1
Project("{9A19103F-16F7-4668-BE54-9A1E7A4F7556}") = "SciLeadsQATechAssessment.Tests.UI", "SciLeadsQATechAssessment\SciLeadsQATechAssessment.Tests.UI.csproj", "{2D243DDC-71EA-4569-80D5-513FAF529CAD}"
EndProject
Global
	GlobalSection(SolutionConfigurationPlatforms) = preSolution
		Debug|Any CPU = Debug|Any CPU
		Release|Any CPU = Release|Any CPU
	EndGlobalSection
	GlobalSection(ProjectConfigurationPlatforms) = postSolution
		{2D243DDC-71EA-4569-80D5-513FAF529CAD}.Debug|Any CPU.ActiveCfg = Debug|Any CPU
		{2D243DDC-71EA-4569-80D5-513FAF529CAD}.Debug|Any CPU.Build.0 = Debug|Any CPU
		{2D243DDC-71EA-4569-80D5-513FAF529CAD}.Release|Any CPU.ActiveCfg = Release|Any CPU
		{2D243DDC-71EA-4569-80D5-513FAF529CAD}.Release|Any CPU.Build.0 = Release|Any CPU
	EndGlobalSection
	GlobalSection(SolutionProperties) = preSolution
		HideSolutionNode = FALSE
	EndGlobalSection
	GlobalSection(ExtensibilityGlobals) = postSolution
		SolutionGuid = {62DEE22A-6FA8-4645-90D4-F9915BC5BF00}
	EndGlobalSection
EndGlobal
